version = 1
revision = 1
requires-python = ">=3.13"

[[package]]
name = "bitstruct"
version = "8.11.1"
source = { registry = "https://pypi.org/simple" }
sdist = { url = "https://files.pythonhosted.org/packages/95/33/9f094b5e32bc0927acf282199d35c384092dd73505c88fadb69292106eaf/bitstruct-8.11.1.tar.gz", hash = "sha256:4e7b8769c0f09fee403d0a5f637f8b575b191a79a92e140811aa109ce7461f0c", size = 34140 }

[[package]]
name = "coursepointer"
version = "0.1.0"
source = { virtual = "." }
dependencies = [
    { name = "fit-tool" },
    { name = "garmin-fit-sdk" },
    { name = "geographiclib" },
]

[package.metadata]
requires-dist = [
    { name = "fit-tool", specifier = ">=0.9.13" },
    { name = "garmin-fit-sdk", specifier = ">=21.158.0" },
    { name = "geographiclib", specifier = ">=2.0" },
]

[[package]]
name = "et-xmlfile"
version = "2.0.0"
source = { registry = "https://pypi.org/simple" }
sdist = { url = "https://files.pythonhosted.org/packages/d3/38/af70d7ab1ae9d4da450eeec1fa3918940a5fafb9055e934af8d6eb0c2313/et_xmlfile-2.0.0.tar.gz", hash = "sha256:dab3f4764309081ce75662649be815c4c9081e88f0837825f90fd28317d4da54", size = 17234 }
wheels = [
    { url = "https://files.pythonhosted.org/packages/c1/8b/5fe2cc11fee489817272089c4203e679c63b570a5aaeb18d852ae3cbba6a/et_xmlfile-2.0.0-py3-none-any.whl", hash = "sha256:7a91720bc756843502c3b7504c77b8fe44217c85c537d85037f0f536151b2caa", size = 18059 },
]

[[package]]
name = "fit-tool"
version = "0.9.13"
source = { registry = "https://pypi.org/simple" }
dependencies = [
    { name = "bitstruct" },
    { name = "openpyxl" },
]
sdist = { url = "https://files.pythonhosted.org/packages/0c/8f/9446c4eb9a8e5720b18848b3036653c4fdd0b58746e2c62f1eef05e7632b/fit-tool-0.9.13.tar.gz", hash = "sha256:63d5655dbacf4121178e7743ad4cf0d980abd53da6316a419c205941ce049c55", size = 137841 }
wheels = [
    { url = "https://files.pythonhosted.org/packages/3d/c1/27e6ff55c0bca9b61b374f72dad8143908b1d1e792e04e2dbd74ade26857/fit_tool-0.9.13-py3-none-any.whl", hash = "sha256:15269280635ff3a4baedfe1346840767f660817f136f4dec69b858ee855a9e9c", size = 224079 },
]

[[package]]
name = "garmin-fit-sdk"
version = "21.158.0"
source = { registry = "https://pypi.org/simple" }
sdist = { url = "https://files.pythonhosted.org/packages/e5/5b/c067e505e95bfeaae98a8999f94d9631c3488805152d5543f5283d8df45a/garmin-fit-sdk-21.158.0.tar.gz", hash = "sha256:6352ad9ccb5b90336b88fc8000d3a04ff9ae5b0fa622586eba7dd2c76bc7a7d9", size = 228177 }
wheels = [
    { url = "https://files.pythonhosted.org/packages/84/52/d0d4cb3f91325406ae7b45b4bed185088d419cfd210c75b034e309db110b/garmin_fit_sdk-21.158.0-py2.py3-none-any.whl", hash = "sha256:9d225b18cba45f61de965dd4d9bd4835271baa16357099ca1a18644cf2420c33", size = 235951 },
]

[[package]]
name = "geographiclib"
version = "2.0"
source = { registry = "https://pypi.org/simple" }
sdist = { url = "https://files.pythonhosted.org/packages/96/cd/90271fd195d79a9c2af0ca21632b297a6cc3e852e0413a2e4519e67be213/geographiclib-2.0.tar.gz", hash = "sha256:f7f41c85dc3e1c2d3d935ec86660dc3b2c848c83e17f9a9e51ba9d5146a15859", size = 36720 }
wheels = [
    { url = "https://files.pythonhosted.org/packages/9f/5a/a26132406f1f40cf51ea349a5f11b0a46cec02a2031ff82e391c2537247a/geographiclib-2.0-py3-none-any.whl", hash = "sha256:6b7225248e45ff7edcee32becc4e0a1504c606ac5ee163a5656d482e0cd38734", size = 40324 },
]

[[package]]
name = "jdcal"
version = "1.4.1"
source = { registry = "https://pypi.org/simple" }
sdist = { url = "https://files.pythonhosted.org/packages/7b/b0/fa20fce23e9c3b55b640e629cb5edf32a85e6af3cf7af599940eb0c753fe/jdcal-1.4.1.tar.gz", hash = "sha256:472872e096eb8df219c23f2689fc336668bdb43d194094b5cc1707e1640acfc8", size = 7479 }
wheels = [
    { url = "https://files.pythonhosted.org/packages/f0/da/572cbc0bc582390480bbd7c4e93d14dc46079778ed915b505dc494b37c57/jdcal-1.4.1-py2.py3-none-any.whl", hash = "sha256:1abf1305fce18b4e8aa248cf8fe0c56ce2032392bc64bbd61b5dff2a19ec8bba", size = 9522 },
]

[[package]]
name = "openpyxl"
version = "2.5.12"
source = { registry = "https://pypi.org/simple" }
dependencies = [
    { name = "et-xmlfile" },
    { name = "jdcal" },
]
sdist = { url = "https://files.pythonhosted.org/packages/08/8a/509eb6f58672288da9a5884e1cc7e90819bc8dbef501161c4b40a6a4e46b/openpyxl-2.5.12.tar.gz", hash = "sha256:7bcf019a0be528673a8aec1e60b5c863342c3231962dbf7922fd4da42a49a91a", size = 173659 }
