version = 1
revision = 1
requires-python = ">=3.13"

[[package]]
name = "certifi"
version = "2025.1.31"
source = { registry = "https://pypi.org/simple" }
sdist = { url = "https://files.pythonhosted.org/packages/1c/ab/c9f1e32b7b1bf505bf26f0ef697775960db7932abeb7b516de930ba2705f/certifi-2025.1.31.tar.gz", hash = "sha256:3d5da6925056f6f18f119200434a4780a94263f10d1c21d032a6f6b2baa20651", size = 167577 }
wheels = [
    { url = "https://files.pythonhosted.org/packages/38/fc/bce832fd4fd99766c04d1ee0eead6b0ec6486fb100ae5e74c1d91292b982/certifi-2025.1.31-py3-none-any.whl", hash = "sha256:ca78db4565a652026a4db2bcdf68f2fb589ea80d0be70e03929ed730746b84fe", size = 166393 },
]

[[package]]
name = "coursepointer"
version = "0.1.0"
source = { virtual = "." }
dependencies = [
    { name = "garmin-fit-sdk" },
    { name = "geographiclib" },
    { name = "pyproj" },
]

[package.metadata]
requires-dist = [
    { name = "garmin-fit-sdk", specifier = ">=21.158.0" },
    { name = "geographiclib", specifier = ">=2.0" },
    { name = "pyproj", specifier = ">=3.7.1" },
]

[[package]]
name = "garmin-fit-sdk"
version = "21.158.0"
source = { registry = "https://pypi.org/simple" }
sdist = { url = "https://files.pythonhosted.org/packages/e5/5b/c067e505e95bfeaae98a8999f94d9631c3488805152d5543f5283d8df45a/garmin-fit-sdk-21.158.0.tar.gz", hash = "sha256:6352ad9ccb5b90336b88fc8000d3a04ff9ae5b0fa622586eba7dd2c76bc7a7d9", size = 228177 }
wheels = [
    { url = "https://files.pythonhosted.org/packages/84/52/d0d4cb3f91325406ae7b45b4bed185088d419cfd210c75b034e309db110b/garmin_fit_sdk-21.158.0-py2.py3-none-any.whl", hash = "sha256:9d225b18cba45f61de965dd4d9bd4835271baa16357099ca1a18644cf2420c33", size = 235951 },
]

[[package]]
name = "geographiclib"
version = "2.0"
source = { registry = "https://pypi.org/simple" }
sdist = { url = "https://files.pythonhosted.org/packages/96/cd/90271fd195d79a9c2af0ca21632b297a6cc3e852e0413a2e4519e67be213/geographiclib-2.0.tar.gz", hash = "sha256:f7f41c85dc3e1c2d3d935ec86660dc3b2c848c83e17f9a9e51ba9d5146a15859", size = 36720 }
wheels = [
    { url = "https://files.pythonhosted.org/packages/9f/5a/a26132406f1f40cf51ea349a5f11b0a46cec02a2031ff82e391c2537247a/geographiclib-2.0-py3-none-any.whl", hash = "sha256:6b7225248e45ff7edcee32becc4e0a1504c606ac5ee163a5656d482e0cd38734", size = 40324 },
]

[[package]]
name = "pyproj"
version = "3.7.1"
source = { registry = "https://pypi.org/simple" }
dependencies = [
    { name = "certifi" },
]
sdist = { url = "https://files.pythonhosted.org/packages/67/10/a8480ea27ea4bbe896c168808854d00f2a9b49f95c0319ddcbba693c8a90/pyproj-3.7.1.tar.gz", hash = "sha256:60d72facd7b6b79853f19744779abcd3f804c4e0d4fa8815469db20c9f640a47", size = 226339 }
wheels = [
    { url = "https://files.pythonhosted.org/packages/ef/01/984828464c9960036c602753fc0f21f24f0aa9043c18fa3f2f2b66a86340/pyproj-3.7.1-cp313-cp313-macosx_13_0_x86_64.whl", hash = "sha256:5f8d02ef4431dee414d1753d13fa82a21a2f61494737b5f642ea668d76164d6d", size = 6253062 },
    { url = "https://files.pythonhosted.org/packages/68/65/6ecdcdc829811a2c160cdfe2f068a009fc572fd4349664f758ccb0853a7c/pyproj-3.7.1-cp313-cp313-macosx_14_0_arm64.whl", hash = "sha256:0b853ae99bda66cbe24b4ccfe26d70601d84375940a47f553413d9df570065e0", size = 4660548 },
    { url = "https://files.pythonhosted.org/packages/67/da/dda94c4490803679230ba4c17a12f151b307a0d58e8110820405ca2d98db/pyproj-3.7.1-cp313-cp313-manylinux_2_17_aarch64.manylinux2014_aarch64.whl", hash = "sha256:83db380c52087f9e9bdd8a527943b2e7324f275881125e39475c4f9277bdeec4", size = 9662464 },
    { url = "https://files.pythonhosted.org/packages/6f/57/f61b7d22c91ae1d12ee00ac4c0038714e774ebcd851b9133e5f4f930dd40/pyproj-3.7.1-cp313-cp313-manylinux_2_17_x86_64.manylinux2014_x86_64.whl", hash = "sha256:b35ed213892e211a3ce2bea002aa1183e1a2a9b79e51bb3c6b15549a831ae528", size = 9497461 },
    { url = "https://files.pythonhosted.org/packages/b7/f6/932128236f79d2ac7d39fe1a19667fdf7155d9a81d31fb9472a7a497790f/pyproj-3.7.1-cp313-cp313-musllinux_1_2_aarch64.whl", hash = "sha256:a8b15b0463d1303bab113d1a6af2860a0d79013c3a66fcc5475ce26ef717fd4f", size = 10708869 },
    { url = "https://files.pythonhosted.org/packages/1d/0d/07ac7712994454a254c383c0d08aff9916a2851e6512d59da8dc369b1b02/pyproj-3.7.1-cp313-cp313-musllinux_1_2_x86_64.whl", hash = "sha256:87229e42b75e89f4dad6459200f92988c5998dfb093c7c631fb48524c86cd5dc", size = 10729260 },
    { url = "https://files.pythonhosted.org/packages/b0/d0/9c604bc72c37ba69b867b6df724d6a5af6789e8c375022c952f65b2af558/pyproj-3.7.1-cp313-cp313-win32.whl", hash = "sha256:d666c3a3faaf3b1d7fc4a544059c4eab9d06f84a604b070b7aa2f318e227798e", size = 5855462 },
    { url = "https://files.pythonhosted.org/packages/98/df/68a2b7f5fb6400c64aad82d72bcc4bc531775e62eedff993a77c780defd0/pyproj-3.7.1-cp313-cp313-win_amd64.whl", hash = "sha256:d3caac7473be22b6d6e102dde6c46de73b96bc98334e577dfaee9886f102ea2e", size = 6266573 },
]
