version = 1
revision = 2
requires-python = ">=3.13"

[[package]]
name = "fitdecode"
version = "0.10.0"
source = { registry = "https://pypi.org/simple" }
sdist = { url = "https://files.pythonhosted.org/packages/9e/8c/7cf1d2865fc0d593dfd389704b751ca1ed2a98860c41d4587c5b49637da3/fitdecode-0.10.0.tar.gz", hash = "sha256:1b85d1303c87650c11377a7322757eaa1caf229776bbd5b545591dd6815123e4", size = 89048, upload-time = "2021-09-12T15:55:26.83Z" }
wheels = [
    { url = "https://files.pythonhosted.org/packages/4b/de/cf0f223255bf12c885acdc3bcce7fdc5607db496d3e3b682c001a51406e0/fitdecode-0.10.0-py3-none-any.whl", hash = "sha256:527dc2e4b0fe45dbe868a2131af0a544cb686f631f608d94e392bcce57b047cf", size = 90890, upload-time = "2021-09-12T15:55:23.979Z" },
]

[[package]]
name = "integration"
version = "0.1.0"
source = { virtual = "." }
dependencies = [
    { name = "fitdecode" },
]

[package.metadata]
requires-dist = [{ name = "fitdecode", specifier = ">=0.10.0" }]
